// !$*UTF8*$!
{
	archiveVersion = 1;
	classes = {
	};
	objectVersion = 46;
	objects = {

/* Begin PBXBuildFile section */
		D079E7DE1A67C53D00AEFD6A /* main.m in Sources */ = {isa = PBXBuildFile; fileRef = D079E7DD1A67C53D00AEFD6A /* main.m */; };
		D079E7E11A67C53D00AEFD6A /* AppDelegate.m in Sources */ = {isa = PBXBuildFile; fileRef = D079E7E01A67C53D00AEFD6A /* AppDelegate.m */; };
		D079E7E41A67C53D00AEFD6A /* ViewController.m in Sources */ = {isa = PBXBuildFile; fileRef = D079E7E31A67C53D00AEFD6A /* ViewController.m */; };
		D079E7E71A67C53D00AEFD6A /* Main.storyboard in Resources */ = {isa = PBXBuildFile; fileRef = D079E7E51A67C53D00AEFD6A /* Main.storyboard */; };
		D079E7E91A67C53D00AEFD6A /* Images.xcassets in Resources */ = {isa = PBXBuildFile; fileRef = D079E7E81A67C53D00AEFD6A /* Images.xcassets */; };
		D079E7EC1A67C53D00AEFD6A /* LaunchScreen.xib in Resources */ = {isa = PBXBuildFile; fileRef = D079E7EA1A67C53D00AEFD6A /* LaunchScreen.xib */; };
		D079E7F81A67C53D00AEFD6A /* DemoTests.m in Sources */ = {isa = PBXBuildFile; fileRef = D079E7F71A67C53D00AEFD6A /* DemoTests.m */; };
		D079E80C1A67C79700AEFD6A /* confuse.sh in Resources */ = {isa = PBXBuildFile; fileRef = D079E80A1A67C79700AEFD6A /* confuse.sh */; };
		D079E80D1A67C79700AEFD6A /* func.list in Resources */ = {isa = PBXBuildFile; fileRef = D079E80B1A67C79700AEFD6A /* func.list */; };
/* End PBXBuildFile section */

/* Begin PBXContainerItemProxy section */
		D079E7F21A67C53D00AEFD6A /* PBXContainerItemProxy */ = {
			isa = PBXContainerItemProxy;
			containerPortal = D079E7D01A67C53D00AEFD6A /* Project object */;
			proxyType = 1;
			remoteGlobalIDString = D079E7D71A67C53D00AEFD6A;
			remoteInfo = Demo;
		};
/* End PBXContainerItemProxy section */

/* Begin PBXFileReference section */
		D079E7D81A67C53D00AEFD6A /* Demo.app */ = {isa = PBXFileReference; explicitFileType = wrapper.application; includeInIndex = 0; path = Demo.app; sourceTree = BUILT_PRODUCTS_DIR; };
		D079E7DC1A67C53D00AEFD6A /* Info.plist */ = {isa = PBXFileReference; lastKnownFileType = text.plist.xml; path = Info.plist; sourceTree = "<group>"; };
		D079E7DD1A67C53D00AEFD6A /* main.m */ = {isa = PBXFileReference; lastKnownFileType = sourcecode.c.objc; path = main.m; sourceTree = "<group>"; };
		D079E7DF1A67C53D00AEFD6A /* AppDelegate.h */ = {isa = PBXFileReference; lastKnownFileType = sourcecode.c.h; path = AppDelegate.h; sourceTree = "<group>"; };
		D079E7E01A67C53D00AEFD6A /* AppDelegate.m */ = {isa = PBXFileReference; lastKnownFileType = sourcecode.c.objc; path = AppDelegate.m; sourceTree = "<group>"; };
		D079E7E21A67C53D00AEFD6A /* ViewController.h */ = {isa = PBXFileReference; lastKnownFileType = sourcecode.c.h; path = ViewController.h; sourceTree = "<group>"; };
		D079E7E31A67C53D00AEFD6A /* ViewController.m */ = {isa = PBXFileReference; lastKnownFileType = sourcecode.c.objc; path = ViewController.m; sourceTree = "<group>"; };
		D079E7E61A67C53D00AEFD6A /* Base */ = {isa = PBXFileReference; lastKnownFileType = file.storyboard; name = Base; path = Base.lproj/Main.storyboard; sourceTree = "<group>"; };
		D079E7E81A67C53D00AEFD6A /* Images.xcassets */ = {isa = PBXFileReference; lastKnownFileType = folder.assetcatalog; path = Images.xcassets; sourceTree = "<group>"; };
		D079E7EB1A67C53D00AEFD6A /* Base */ = {isa = PBXFileReference; lastKnownFileType = file.xib; name = Base; path = Base.lproj/LaunchScreen.xib; sourceTree = "<group>"; };
		D079E7F11A67C53D00AEFD6A /* DemoTests.xctest */ = {isa = PBXFileReference; explicitFileType = wrapper.cfbundle; includeInIndex = 0; path = DemoTests.xctest; sourceTree = BUILT_PRODUCTS_DIR; };
		D079E7F61A67C53D00AEFD6A /* Info.plist */ = {isa = PBXFileReference; lastKnownFileType = text.plist.xml; path = Info.plist; sourceTree = "<group>"; };
		D079E7F71A67C53D00AEFD6A /* DemoTests.m */ = {isa = PBXFileReference; lastKnownFileType = sourcecode.c.objc; path = DemoTests.m; sourceTree = "<group>"; };
		D079E8011A67C57500AEFD6A /* codeObfuscation.h */ = {isa = PBXFileReference; fileEncoding = 4; lastKnownFileType = sourcecode.c.h; path = codeObfuscation.h; sourceTree = "<group>"; };
		D079E8041A67C5A400AEFD6A /* PrefixHeader.pch */ = {isa = PBXFileReference; fileEncoding = 4; lastKnownFileType = sourcecode.c.h; path = PrefixHeader.pch; sourceTree = "<group>"; };
		D079E80A1A67C79700AEFD6A /* confuse.sh */ = {isa = PBXFileReference; fileEncoding = 4; lastKnownFileType = text.script.sh; path = confuse.sh; sourceTree = SOURCE_ROOT; };
		D079E80B1A67C79700AEFD6A /* func.list */ = {isa = PBXFileReference; fileEncoding = 4; lastKnownFileType = text; path = func.list; sourceTree = SOURCE_ROOT; };
/* End PBXFileReference section */

/* Begin PBXFrameworksBuildPhase section */
		D079E7D51A67C53D00AEFD6A /* Frameworks */ = {
			isa = PBXFrameworksBuildPhase;
			buildActionMask = 2147483647;
			files = (
			);
			runOnlyForDeploymentPostprocessing = 0;
		};
		D079E7EE1A67C53D00AEFD6A /* Frameworks */ = {
			isa = PBXFrameworksBuildPhase;
			buildActionMask = 2147483647;
			files = (
			);
			runOnlyForDeploymentPostprocessing = 0;
		};
/* End PBXFrameworksBuildPhase section */

/* Begin PBXGroup section */
		D079E7CF1A67C53D00AEFD6A = {
			isa = PBXGroup;
			children = (
				D079E7DA1A67C53D00AEFD6A /* Demo */,
				D079E7F41A67C53D00AEFD6A /* DemoTests */,
				D079E7D91A67C53D00AEFD6A /* Products */,
			);
			sourceTree = "<group>";
		};
		D079E7D91A67C53D00AEFD6A /* Products */ = {
			isa = PBXGroup;
			children = (
				D079E7D81A67C53D00AEFD6A /* Demo.app */,
				D079E7F11A67C53D00AEFD6A /* DemoTests.xctest */,
			);
			name = Products;
			sourceTree = "<group>";
		};
		D079E7DA1A67C53D00AEFD6A /* Demo */ = {
			isa = PBXGroup;
			children = (
				D079E80A1A67C79700AEFD6A /* confuse.sh */,
				D079E80B1A67C79700AEFD6A /* func.list */,
				D079E7DF1A67C53D00AEFD6A /* AppDelegate.h */,
				D079E7E01A67C53D00AEFD6A /* AppDelegate.m */,
				D079E7E21A67C53D00AEFD6A /* ViewController.h */,
				D079E7E31A67C53D00AEFD6A /* ViewController.m */,
				D079E8011A67C57500AEFD6A /* codeObfuscation.h */,
				D079E7E51A67C53D00AEFD6A /* Main.storyboard */,
				D079E7E81A67C53D00AEFD6A /* Images.xcassets */,
				D079E7EA1A67C53D00AEFD6A /* LaunchScreen.xib */,
				D079E7DB1A67C53D00AEFD6A /* Supporting Files */,
			);
			path = Demo;
			sourceTree = "<group>";
		};
		D079E7DB1A67C53D00AEFD6A /* Supporting Files */ = {
			isa = PBXGroup;
			children = (
				D079E7DC1A67C53D00AEFD6A /* Info.plist */,
				D079E7DD1A67C53D00AEFD6A /* main.m */,
				D079E8041A67C5A400AEFD6A /* PrefixHeader.pch */,
			);
			name = "Supporting Files";
			sourceTree = "<group>";
		};
		D079E7F41A67C53D00AEFD6A /* DemoTests */ = {
			isa = PBXGroup;
			children = (
				D079E7F71A67C53D00AEFD6A /* DemoTests.m */,
				D079E7F51A67C53D00AEFD6A /* Supporting Files */,
			);
			path = DemoTests;
			sourceTree = "<group>";
		};
		D079E7F51A67C53D00AEFD6A /* Supporting Files */ = {
			isa = PBXGroup;
			children = (
				D079E7F61A67C53D00AEFD6A /* Info.plist */,
			);
			name = "Supporting Files";
			sourceTree = "<group>";
		};
/* End PBXGroup section */

/* Begin PBXNativeTarget section */
		D079E7D71A67C53D00AEFD6A /* Demo */ = {
			isa = PBXNativeTarget;
			buildConfigurationList = D079E7FB1A67C53D00AEFD6A /* Build configuration list for PBXNativeTarget "Demo" */;
			buildPhases = (
				D079E7D41A67C53D00AEFD6A /* Sources */,
				D079E7D51A67C53D00AEFD6A /* Frameworks */,
				D079E7D61A67C53D00AEFD6A /* Resources */,
				D079E8051A67C63D00AEFD6A /* ShellScript */,
			);
			buildRules = (
			);
			dependencies = (
			);
			name = Demo;
			productName = Demo;
			productReference = D079E7D81A67C53D00AEFD6A /* Demo.app */;
			productType = "com.apple.product-type.application";
		};
		D079E7F01A67C53D00AEFD6A /* DemoTests */ = {
			isa = PBXNativeTarget;
			buildConfigurationList = D079E7FE1A67C53D00AEFD6A /* Build configuration list for PBXNativeTarget "DemoTests" */;
			buildPhases = (
				D079E7ED1A67C53D00AEFD6A /* Sources */,
				D079E7EE1A67C53D00AEFD6A /* Frameworks */,
				D079E7EF1A67C53D00AEFD6A /* Resources */,
			);
			buildRules = (
			);
			dependencies = (
				D079E7F31A67C53D00AEFD6A /* PBXTargetDependency */,
			);
			name = DemoTests;
			productName = DemoTests;
			productReference = D079E7F11A67C53D00AEFD6A /* DemoTests.xctest */;
			productType = "com.apple.product-type.bundle.unit-test";
		};
/* End PBXNativeTarget section */

/* Begin PBXProject section */
		D079E7D01A67C53D00AEFD6A /* Project object */ = {
			isa = PBXProject;
			attributes = {
				LastUpgradeCheck = 0610;
				ORGANIZATIONNAME = "DNE Technology Co.,Ltd.";
				TargetAttributes = {
					D079E7D71A67C53D00AEFD6A = {
						CreatedOnToolsVersion = 6.1;
					};
					D079E7F01A67C53D00AEFD6A = {
						CreatedOnToolsVersion = 6.1;
						TestTargetID = D079E7D71A67C53D00AEFD6A;
					};
				};
			};
			buildConfigurationList = D079E7D31A67C53D00AEFD6A /* Build configuration list for PBXProject "Demo" */;
			compatibilityVersion = "Xcode 3.2";
			developmentRegion = English;
			hasScannedForEncodings = 0;
			knownRegions = (
				en,
				Base,
			);
			mainGroup = D079E7CF1A67C53D00AEFD6A;
			productRefGroup = D079E7D91A67C53D00AEFD6A /* Products */;
			projectDirPath = "";
			projectRoot = "";
			targets = (
				D079E7D71A67C53D00AEFD6A /* Demo */,
				D079E7F01A67C53D00AEFD6A /* DemoTests */,
			);
		};
/* End PBXProject section */

/* Begin PBXResourcesBuildPhase section */
		D079E7D61A67C53D00AEFD6A /* Resources */ = {
			isa = PBXResourcesBuildPhase;
			buildActionMask = 2147483647;
			files = (
				D079E7E71A67C53D00AEFD6A /* Main.storyboard in Resources */,
				D079E80D1A67C79700AEFD6A /* func.list in Resources */,
				D079E7EC1A67C53D00AEFD6A /* LaunchScreen.xib in Resources */,
				D079E80C1A67C79700AEFD6A /* confuse.sh in Resources */,
				D079E7E91A67C53D00AEFD6A /* Images.xcassets in Resources */,
			);
			runOnlyForDeploymentPostprocessing = 0;
		};
		D079E7EF1A67C53D00AEFD6A /* Resources */ = {
			isa = PBXResourcesBuildPhase;
			buildActionMask = 2147483647;
			files = (
			);
			runOnlyForDeploymentPostprocessing = 0;
		};
/* End PBXResourcesBuildPhase section */

/* Begin PBXShellScriptBuildPhase section */
		D079E8051A67C63D00AEFD6A /* ShellScript */ = {
			isa = PBXShellScriptBuildPhase;
			buildActionMask = 2147483647;
			files = (
			);
			inputPaths = (
			);
			outputPaths = (
			);
			runOnlyForDeploymentPostprocessing = 0;
			shellPath = /bin/sh;
			shellScript = $PROJECT_DIR/confuse.sh;
		};
/* End PBXShellScriptBuildPhase section */

/* Begin PBXSourcesBuildPhase section */
		D079E7D41A67C53D00AEFD6A /* Sources */ = {
			isa = PBXSourcesBuildPhase;
			buildActionMask = 2147483647;
			files = (
				D079E7E41A67C53D00AEFD6A /* ViewController.m in Sources */,
				D079E7E11A67C53D00AEFD6A /* AppDelegate.m in Sources */,
				D079E7DE1A67C53D00AEFD6A /* main.m in Sources */,
			);
			runOnlyForDeploymentPostprocessing = 0;
		};
		D079E7ED1A67C53D00AEFD6A /* Sources */ = {
			isa = PBXSourcesBuildPhase;
			buildActionMask = 2147483647;
			files = (
				D079E7F81A67C53D00AEFD6A /* DemoTests.m in Sources */,
			);
			runOnlyForDeploymentPostprocessing = 0;
		};
/* End PBXSourcesBuildPhase section */

/* Begin PBXTargetDependency section */
		D079E7F31A67C53D00AEFD6A /* PBXTargetDependency */ = {
			isa = PBXTargetDependency;
			target = D079E7D71A67C53D00AEFD6A /* Demo */;
			targetProxy = D079E7F21A67C53D00AEFD6A /* PBXContainerItemProxy */;
		};
/* End PBXTargetDependency section */

/* Begin PBXVariantGroup section */
		D079E7E51A67C53D00AEFD6A /* Main.storyboard */ = {
			isa = PBXVariantGroup;
			children = (
				D079E7E61A67C53D00AEFD6A /* Base */,
			);
			name = Main.storyboard;
			sourceTree = "<group>";
		};
		D079E7EA1A67C53D00AEFD6A /* LaunchScreen.xib */ = {
			isa = PBXVariantGroup;
			children = (
				D079E7EB1A67C53D00AEFD6A /* Base */,
			);
			name = LaunchScreen.xib;
			sourceTree = "<group>";
		};
/* End PBXVariantGroup section */

/* Begin XCBuildConfiguration section */
		D079E7F91A67C53D00AEFD6A /* Debug */ = {
			isa = XCBuildConfiguration;
			buildSettings = {
				ALWAYS_SEARCH_USER_PATHS = NO;
				CLANG_CXX_LANGUAGE_STANDARD = "gnu++0x";
				CLANG_CXX_LIBRARY = "libc++";
				CLANG_ENABLE_MODULES = YES;
				CLANG_ENABLE_OBJC_ARC = YES;
				CLANG_WARN_BOOL_CONVERSION = YES;
				CLANG_WARN_CONSTANT_CONVERSION = YES;
				CLANG_WARN_DIRECT_OBJC_ISA_USAGE = YES_ERROR;
				CLANG_WARN_EMPTY_BODY = YES;
				CLANG_WARN_ENUM_CONVERSION = YES;
				CLANG_WARN_INT_CONVERSION = YES;
				CLANG_WARN_OBJC_ROOT_CLASS = YES_ERROR;
				CLANG_WARN_UNREACHABLE_CODE = YES;
				CLANG_WARN__DUPLICATE_METHOD_MATCH = YES;
				"CODE_SIGN_IDENTITY[sdk=iphoneos*]" = "iPhone Developer";
				COPY_PHASE_STRIP = NO;
				ENABLE_STRICT_OBJC_MSGSEND = YES;
				GCC_C_LANGUAGE_STANDARD = gnu99;
				GCC_DYNAMIC_NO_PIC = NO;
				GCC_OPTIMIZATION_LEVEL = 0;
				GCC_PREPROCESSOR_DEFINITIONS = (
					"DEBUG=1",
					"$(inherited)",
				);
				GCC_SYMBOLS_PRIVATE_EXTERN = NO;
				GCC_WARN_64_TO_32_BIT_CONVERSION = YES;
				GCC_WARN_ABOUT_RETURN_TYPE = YES_ERROR;
				GCC_WARN_UNDECLARED_SELECTOR = YES;
				GCC_WARN_UNINITIALIZED_AUTOS = YES_AGGRESSIVE;
				GCC_WARN_UNUSED_FUNCTION = YES;
				GCC_WARN_UNUSED_VARIABLE = YES;
				IPHONEOS_DEPLOYMENT_TARGET = 8.1;
				MTL_ENABLE_DEBUG_INFO = YES;
				ONLY_ACTIVE_ARCH = YES;
				SDKROOT = iphoneos;
			};
			name = Debug;
		};
		D079E7FA1A67C53D00AEFD6A /* Release */ = {
			isa = XCBuildConfiguration;
			buildSettings = {
				ALWAYS_SEARCH_USER_PATHS = NO;
				CLANG_CXX_LANGUAGE_STANDARD = "gnu++0x";
				CLANG_CXX_LIBRARY = "libc++";
				CLANG_ENABLE_MODULES = YES;
				CLANG_ENABLE_OBJC_ARC = YES;
				CLANG_WARN_BOOL_CONVERSION = YES;
				CLANG_WARN_CONSTANT_CONVERSION = YES;
				CLANG_WARN_DIRECT_OBJC_ISA_USAGE = YES_ERROR;
				CLANG_WARN_EMPTY_BODY = YES;
				CLANG_WARN_ENUM_CONVERSION = YES;
				CLANG_WARN_INT_CONVERSION = YES;
				CLANG_WARN_OBJC_ROOT_CLASS = YES_ERROR;
				CLANG_WARN_UNREACHABLE_CODE = YES;
				CLANG_WARN__DUPLICATE_METHOD_MATCH = YES;
				"CODE_SIGN_IDENTITY[sdk=iphoneos*]" = "iPhone Developer";
				COPY_PHASE_STRIP = YES;
				ENABLE_NS_ASSERTIONS = NO;
				ENABLE_STRICT_OBJC_MSGSEND = YES;
				GCC_C_LANGUAGE_STANDARD = gnu99;
				GCC_WARN_64_TO_32_BIT_CONVERSION = YES;
				GCC_WARN_ABOUT_RETURN_TYPE = YES_ERROR;
				GCC_WARN_UNDECLARED_SELECTOR = YES;
				GCC_WARN_UNINITIALIZED_AUTOS = YES_AGGRESSIVE;
				GCC_WARN_UNUSED_FUNCTION = YES;
				GCC_WARN_UNUSED_VARIABLE = YES;
				IPHONEOS_DEPLOYMENT_TARGET = 8.1;
				MTL_ENABLE_DEBUG_INFO = NO;
				SDKROOT = iphoneos;
				VALIDATE_PRODUCT = YES;
			};
			name = Release;
		};
		D079E7FC1A67C53D00AEFD6A /* Debug */ = {
			isa = XCBuildConfiguration;
			buildSettings = {
				ASSETCATALOG_COMPILER_APPICON_NAME = AppIcon;
				ASSETCATALOG_COMPILER_LAUNCHIMAGE_NAME = LaunchImage;
				CODE_SIGN_IDENTITY = "iPhone Developer: Xianwei Yin (KMB2736RMD)";
				GCC_PREFIX_HEADER = $PROJECT_DIR/$PROJECT_NAME/PrefixHeader.pch;
				INFOPLIST_FILE = Demo/Info.plist;
				IPHONEOS_DEPLOYMENT_TARGET = 7.0;
				LD_RUNPATH_SEARCH_PATHS = "$(inherited) @executable_path/Frameworks";
				PRODUCT_NAME = "$(TARGET_NAME)";
				PROVISIONING_PROFILE = "81cfb67e-1c95-4f8e-9eb0-6d1956c38448";
			};
			name = Debug;
		};
		D079E7FD1A67C53D00AEFD6A /* Release */ = {
			isa = XCBuildConfiguration;
			buildSettings = {
				ASSETCATALOG_COMPILER_APPICON_NAME = AppIcon;
				ASSETCATALOG_COMPILER_LAUNCHIMAGE_NAME = LaunchImage;
				CODE_SIGN_IDENTITY = "iPhone Developer: Xianwei Yin (KMB2736RMD)";
				GCC_PREFIX_HEADER = $PROJECT_DIR/$PROJECT_NAME/PrefixHeader.pch;
				INFOPLIST_FILE = Demo/Info.plist;
				IPHONEOS_DEPLOYMENT_TARGET = 7.0;
				LD_RUNPATH_SEARCH_PATHS = "$(inherited) @executable_path/Frameworks";
				PRODUCT_NAME = "$(TARGET_NAME)";
				PROVISIONING_PROFILE = "81cfb67e-1c95-4f8e-9eb0-6d1956c38448";
			};
			name = Release;
		};
		D079E7FF1A67C53D00AEFD6A /* Debug */ = {
			isa = XCBuildConfiguration;
			buildSettings = {
				BUNDLE_LOADER = "$(TEST_HOST)";
				FRAMEWORK_SEARCH_PATHS = (
					"$(SDKROOT)/Developer/Library/Frameworks",
					"$(inherited)",
				);
				GCC_PREPROCESSOR_DEFINITIONS = (
					"DEBUG=1",
					"$(inherited)",
				);
				INFOPLIST_FILE = DemoTests/Info.plist;
				LD_RUNPATH_SEARCH_PATHS = "$(inherited) @executable_path/Frameworks @loader_path/Frameworks";
				PRODUCT_NAME = "$(TARGET_NAME)";
				TEST_HOST = "$(BUILT_PRODUCTS_DIR)/Demo.app/Demo";
			};
			name = Debug;
		};
		D079E8001A67C53D00AEFD6A /* Release */ = {
			isa = XCBuildConfiguration;
			buildSettings = {
				BUNDLE_LOADER = "$(TEST_HOST)";
				FRAMEWORK_SEARCH_PATHS = (
					"$(SDKROOT)/Developer/Library/Frameworks",
					"$(inherited)",
				);
				INFOPLIST_FILE = DemoTests/Info.plist;
				LD_RUNPATH_SEARCH_PATHS = "$(inherited) @executable_path/Frameworks @loader_path/Frameworks";
				PRODUCT_NAME = "$(TARGET_NAME)";
				TEST_HOST = "$(BUILT_PRODUCTS_DIR)/Demo.app/Demo";
			};
			name = Release;
		};
/* End XCBuildConfiguration section */

/* Begin XCConfigurationList section */
		D079E7D31A67C53D00AEFD6A /* Build configuration list for PBXProject "Demo" */ = {
			isa = XCConfigurationList;
			buildConfigurations = (
				D079E7F91A67C53D00AEFD6A /* Debug */,
				D079E7FA1A67C53D00AEFD6A /* Release */,
			);
			defaultConfigurationIsVisible = 0;
			defaultConfigurationName = Release;
		};
		D079E7FB1A67C53D00AEFD6A /* Build configuration list for PBXNativeTarget "Demo" */ = {
			isa = XCConfigurationList;
			buildConfigurations = (
				D079E7FC1A67C53D00AEFD6A /* Debug */,
				D079E7FD1A67C53D00AEFD6A /* Release */,
			);
			defaultConfigurationIsVisible = 0;
		};
		D079E7FE1A67C53D00AEFD6A /* Build configuration list for PBXNativeTarget "DemoTests" */ = {
			isa = XCConfigurationList;
			buildConfigurations = (
				D079E7FF1A67C53D00AEFD6A /* Debug */,
				D079E8001A67C53D00AEFD6A /* Release */,
			);
			defaultConfigurationIsVisible = 0;
		};
/* End XCConfigurationList section */
	};
	rootObject = D079E7D01A67C53D00AEFD6A /* Project object */;
}
